github.com/davecgh/go-spew v1.1.0 h1:ZDRjVQ15GmhC3fiQ8ni8+OwkZQO4DARzQgrnXU1Liz8=
github.com/davecgh/go-spew v1.1.0/go.mod h1:J7Y8YcW2NihsgmVo/mv3lAwl/skON4iLHjSsI+c5H38=
github.com/julienschmidt/httprouter v1.2.0 h1:TDTW5Yz1mjftljbcKqRcrYhd4XeOoI98t+9HbQbYf7g=
github.com/julienschmidt/httprouter v1.2.0/go.mod h1:SYymIcj16QtmaHHD7aYtjjsJG7VTCxuUUipMqKk8s4w=
github.com/k81/dynamic v1.0.1 h1:5EF9xOa2xdE+gF8eLrWTEZbC1/fAp3JhPKiiGw5DGXQ=
github.com/k81/dynamic v1.0.1/go.mod h1:VS9fAPtGnmoCPu6OrMavWLFEacaONTE00sgWRlgOOt0=
github.com/k81/log v1.0.3 h1:Ip4/xL1HI5FrbsgAVXtGk3U8tmEkTNkKkRIRW6U3wiE=
github.com/k81/log v1.0.3/go.mod h1:i48ao3ug8YEyEjgZjDAd8tJ145GYnnoNu/qzj1FAoio=
github.com/modern-go/concurrent v0.0.0-20180306012644-bacd9c7ef1dd h1:TRLaZ9cD/w8PVh93nsPXa1VrQ6jlwL5oN8l14QlcNfg=
github.com/modern-go/concurrent v0.0.0-20180306012644-bacd9c7ef1dd/go.mod h1:6dJC0mAP4ikYIbvyc7fijjWJddQyLn8Ig3JB5CqoB9Q=
github.com/modern-go/gls v0.0.0-20190610040709-84558782a674 h1:1n+vuTzNkmbDn73+cV6Hz25pkC7qX9u2QHaz/jA4x2g=
github.com/modern-go/gls v0.0.0-20190610040709-84558782a674/go.mod h1:I8AX+yW//L8Hshx6+a1m3bYkwXkpsVjA2795vP4f4oQ=
github.com/modern-go/reflect2 v1.0.1 h1:9f412s+6RmYXLWZSEzVVgPGK7C2PphHj5RJrvfx9AWI=
github.com/modern-go/reflect2 v1.0.1/go.mod h1:bx2lNnkwVCuqBIxFjflWJWanXIb3RllmbCylyMrvgv0=
github.com/pmezard/go-difflib v1.0.0 h1:4DBwDE0NGyQoBHbLQYPwSUPoCMWR5BEzIk/f1lZbAQM=
github.com/pmezard/go-difflib v1.0.0/go.mod h1:iKH77koFhYxTK1pcRnkKkqfTogsbg7gZNVY4sRDYZ/4=
github.com/rogpeppe/fastuuid v1.1.0 h1:INyGLmTCMGFr6OVIb977ghJvABML2CMVjPoRfNDdYDo=
github.com/rogpeppe/fastuuid v1.1.0/go.mod h1:jVj6XXZzXRy/MSR5jhDC/2q6DgLz+nrA6LYCDYWNEvQ=
github.com/stretchr/objx v0.1.0/go.mod h1:HFkY916IF+rwdDfMAkV7OtwuqBVzrE8GR6GFx+wExME=
github.com/stretchr/testify v1.3.0 h1:TivCn/peBQ7UY8ooIcPgZFpTNSz0Q2U6UrFlUfqbe0Q=
github.com/stretchr/testify v1.3.0/go.mod h1:M5WIy9Dh21IEIfnGCwXGc5bZfKNJtfHm1UVUgZn+9EI=
